
Microsoft Visual Studio Solution File, Format Version 12.00
# Visual Studio 15
VisualStudioVersion = 15.0.28307.329
MinimumVisualStudioVersion = 10.0.40219.1
Project("{FAE04EC0-301F-11D3-BF4B-00C04F79EFBC}") = "JWTAuthenticationFlow", "JWTAuthenticationFlow\JWTAuthenticationFlow.csproj", "{CA6B5580-3F08-4168-B401-22B6F76F9C53}"
EndProject
Global
	GlobalSection(SolutionConfigurationPlatforms) = preSolution
		Debug|Any CPU = Debug|Any CPU
		Release|Any CPU = Release|Any CPU
	EndGlobalSection
	GlobalSection(ProjectConfigurationPlatforms) = postSolution
		{CA6B5580-3F08-4168-B401-22B6F76F9C53}.Debug|Any CPU.ActiveCfg = Debug|Any CPU
		{CA6B5580-3F08-4168-B401-22B6F76F9C53}.Debug|Any CPU.Build.0 = Debug|Any CPU
		{CA6B5580-3F08-4168-B401-22B6F76F9C53}.Release|Any CPU.ActiveCfg = Release|Any CPU
		{CA6B5580-3F08-4168-B401-22B6F76F9C53}.Release|Any CPU.Build.0 = Release|Any CPU
	EndGlobalSection
	GlobalSection(SolutionProperties) = preSolution
		HideSolutionNode = FALSE
	EndGlobalSection
	GlobalSection(ExtensibilityGlobals) = postSolution
		SolutionGuid = {AB3C6F9C-E5EE-4711-B3A3-D989C9FA65F0}
	EndGlobalSection
EndGlobal
